
Microsoft Visual Studio Solution File, Format Version 12.00
# Visual Studio Version 16
VisualStudioVersion = 16.0.29709.97
MinimumVisualStudioVersion = 10.0.40219.1
Project("{FAE04EC0-301F-11D3-BF4B-00C04F79EFBC}") = "Loja_Iniciaç", "Loja_Iniciaç\Loja_Iniciaç.csproj", "{4F01DEEC-68F1-47CB-96C8-4735E3BED3E7}"
EndProject
Global
	GlobalSection(SolutionConfigurationPlatforms) = preSolution
		Debug|Any CPU = Debug|Any CPU
		Release|Any CPU = Release|Any CPU
	EndGlobalSection
	GlobalSection(ProjectConfigurationPlatforms) = postSolution
		{4F01DEEC-68F1-47CB-96C8-4735E3BED3E7}.Debug|Any CPU.ActiveCfg = Debug|Any CPU
		{4F01DEEC-68F1-47CB-96C8-4735E3BED3E7}.Debug|Any CPU.Build.0 = Debug|Any CPU
		{4F01DEEC-68F1-47CB-96C8-4735E3BED3E7}.Release|Any CPU.ActiveCfg = Release|Any CPU
		{4F01DEEC-68F1-47CB-96C8-4735E3BED3E7}.Release|Any CPU.Build.0 = Release|Any CPU
	EndGlobalSection
	GlobalSection(SolutionProperties) = preSolution
		HideSolutionNode = FALSE
	EndGlobalSection
	GlobalSection(ExtensibilityGlobals) = postSolution
		SolutionGuid = {098BA357-6A2D-49C6-A024-4CBE04ACEC5A}
	EndGlobalSection
EndGlobal
